Microsoft Visual Studio Solution File, Format Version 12.00
# Visual Studio Version 17
VisualStudioVersion = 17.5.2.0
MinimumVisualStudioVersion = 10.0.40219.1
Project("{FAE04EC0-301F-11D3-BF4B-00C04F79EFBC}") = "curso-dio", "curso-dio.csproj", "{2B5ED492-231E-2BA9-716F-F4F3D678B71C}"
EndProject
Global
	GlobalSection(SolutionConfigurationPlatforms) = preSolution
		Debug|Any CPU = Debug|Any CPU
		Release|Any CPU = Release|Any CPU
	EndGlobalSection
	GlobalSection(ProjectConfigurationPlatforms) = postSolution
		{2B5ED492-231E-2BA9-716F-F4F3D678B71C}.Debug|Any CPU.ActiveCfg = Debug|Any CPU
		{2B5ED492-231E-2BA9-716F-F4F3D678B71C}.Debug|Any CPU.Build.0 = Debug|Any CPU
		{2B5ED492-231E-2BA9-716F-F4F3D678B71C}.Release|Any CPU.ActiveCfg = Release|Any CPU
		{2B5ED492-231E-2BA9-716F-F4F3D678B71C}.Release|Any CPU.Build.0 = Release|Any CPU
	EndGlobalSection
	GlobalSection(SolutionProperties) = preSolution
		HideSolutionNode = FALSE
	EndGlobalSection
	GlobalSection(ExtensibilityGlobals) = postSolution
		SolutionGuid = {1BD0DBD3-1C79-437A-B3BE-893E9F36DD81}
	EndGlobalSection
EndGlobal
